
Microsoft Visual Studio Solution File, Format Version 12.00
# Visual Studio Version 17
VisualStudioVersion = 17.0.31903.59
MinimumVisualStudioVersion = 10.0.40219.1
Project("{2150E333-8FDC-42A3-9474-1A3956D46DE8}") = "src", "src", "{827E0CD3-B72D-47B6-A68D-7590B98EB39B}"
EndProject
Project("{FAE04EC0-301F-11D3-BF4B-00C04F79EFBC}") = "SemanticGateway", "src\SemanticGateway\SemanticGateway.csproj", "{7331C6EA-893C-4A19-8E2B-C130F9F0108A}"
EndProject
Project("{2150E333-8FDC-42A3-9474-1A3956D46DE8}") = "dev", "dev", "{927EA651-2681-4AEB-E3A3-5C3CA4D22F3C}"
EndProject
Project("{FAE04EC0-301F-11D3-BF4B-00C04F79EFBC}") = "IqRls.Core", "dev\rls-harness\IqRls.Core\IqRls.Core.csproj", "{4B235F8D-7260-414E-9E8D-C135A3C6E149}"
EndProject
Project("{FAE04EC0-301F-11D3-BF4B-00C04F79EFBC}") = "IqRls.Cli", "dev\rls-harness\IqRls.Cli\IqRls.Cli.csproj", "{16AC7D46-8CDB-436C-AA11-B2144E0D1920}"
EndProject
Project("{FAE04EC0-301F-11D3-BF4B-00C04F79EFBC}") = "IqRls.Tests", "dev\rls-harness\IqRls.Tests\IqRls.Tests.csproj", "{F804AFA1-17A7-42C8-BB79-8016507C741F}"
EndProject
Project("{FAE04EC0-301F-11D3-BF4B-00C04F79EFBC}") = "ModelDefinition", "dev\model-definition\ModelDefinition.csproj", "{3FC516FB-3C42-4A8A-8FE4-77D45EBB6C00}"
EndProject
Global
	GlobalSection(SolutionConfigurationPlatforms) = preSolution
		Debug|Any CPU = Debug|Any CPU
		Debug|x64 = Debug|x64
		Debug|x86 = Debug|x86
		Release|Any CPU = Release|Any CPU
		Release|x64 = Release|x64
		Release|x86 = Release|x86
	EndGlobalSection
	GlobalSection(ProjectConfigurationPlatforms) = postSolution
		{7331C6EA-893C-4A19-8E2B-C130F9F0108A}.Debug|Any CPU.ActiveCfg = Debug|Any CPU
		{7331C6EA-893C-4A19-8E2B-C130F9F0108A}.Debug|Any CPU.Build.0 = Debug|Any CPU
		{7331C6EA-893C-4A19-8E2B-C130F9F0108A}.Debug|x64.ActiveCfg = Debug|Any CPU
		{7331C6EA-893C-4A19-8E2B-C130F9F0108A}.Debug|x64.Build.0 = Debug|Any CPU
		{7331C6EA-893C-4A19-8E2B-C130F9F0108A}.Debug|x86.ActiveCfg = Debug|Any CPU
		{7331C6EA-893C-4A19-8E2B-C130F9F0108A}.Debug|x86.Build.0 = Debug|Any CPU
		{7331C6EA-893C-4A19-8E2B-C130F9F0108A}.Release|Any CPU.ActiveCfg = Release|Any CPU
		{7331C6EA-893C-4A19-8E2B-C130F9F0108A}.Release|Any CPU.Build.0 = Release|Any CPU
		{7331C6EA-893C-4A19-8E2B-C130F9F0108A}.Release|x64.ActiveCfg = Release|Any CPU
		{7331C6EA-893C-4A19-8E2B-C130F9F0108A}.Release|x64.Build.0 = Release|Any CPU
		{7331C6EA-893C-4A19-8E2B-C130F9F0108A}.Release|x86.ActiveCfg = Release|Any CPU
		{7331C6EA-893C-4A19-8E2B-C130F9F0108A}.Release|x86.Build.0 = Release|Any CPU
		{4B235F8D-7260-414E-9E8D-C135A3C6E149}.Debug|Any CPU.ActiveCfg = Debug|Any CPU
		{4B235F8D-7260-414E-9E8D-C135A3C6E149}.Debug|Any CPU.Build.0 = Debug|Any CPU
		{4B235F8D-7260-414E-9E8D-C135A3C6E149}.Debug|x64.ActiveCfg = Debug|Any CPU
		{4B235F8D-7260-414E-9E8D-C135A3C6E149}.Debug|x64.Build.0 = Debug|Any CPU
		{4B235F8D-7260-414E-9E8D-C135A3C6E149}.Debug|x86.ActiveCfg = Debug|Any CPU
		{4B235F8D-7260-414E-9E8D-C135A3C6E149}.Debug|x86.Build.0 = Debug|Any CPU
		{4B235F8D-7260-414E-9E8D-C135A3C6E149}.Release|Any CPU.ActiveCfg = Release|Any CPU
		{4B235F8D-7260-414E-9E8D-C135A3C6E149}.Release|Any CPU.Build.0 = Release|Any CPU
		{4B235F8D-7260-414E-9E8D-C135A3C6E149}.Release|x64.ActiveCfg = Release|Any CPU
		{4B235F8D-7260-414E-9E8D-C135A3C6E149}.Release|x64.Build.0 = Release|Any CPU
		{4B235F8D-7260-414E-9E8D-C135A3C6E149}.Release|x86.ActiveCfg = Release|Any CPU
		{4B235F8D-7260-414E-9E8D-C135A3C6E149}.Release|x86.Build.0 = Release|Any CPU
		{16AC7D46-8CDB-436C-AA11-B2144E0D1920}.Debug|Any CPU.ActiveCfg = Debug|Any CPU
		{16AC7D46-8CDB-436C-AA11-B2144E0D1920}.Debug|Any CPU.Build.0 = Debug|Any CPU
		{16AC7D46-8CDB-436C-AA11-B2144E0D1920}.Debug|x64.ActiveCfg = Debug|Any CPU
		{16AC7D46-8CDB-436C-AA11-B2144E0D1920}.Debug|x64.Build.0 = Debug|Any CPU
		{16AC7D46-8CDB-436C-AA11-B2144E0D1920}.Debug|x86.ActiveCfg = Debug|Any CPU
		{16AC7D46-8CDB-436C-AA11-B2144E0D1920}.Debug|x86.Build.0 = Debug|Any CPU
		{16AC7D46-8CDB-436C-AA11-B2144E0D1920}.Release|Any CPU.ActiveCfg = Release|Any CPU
		{16AC7D46-8CDB-436C-AA11-B2144E0D1920}.Release|Any CPU.Build.0 = Release|Any CPU
		{16AC7D46-8CDB-436C-AA11-B2144E0D1920}.Release|x64.ActiveCfg = Release|Any CPU
		{16AC7D46-8CDB-436C-AA11-B2144E0D1920}.Release|x64.Build.0 = Release|Any CPU
		{16AC7D46-8CDB-436C-AA11-B2144E0D1920}.Release|x86.ActiveCfg = Release|Any CPU
		{16AC7D46-8CDB-436C-AA11-B2144E0D1920}.Release|x86.Build.0 = Release|Any CPU
		{F804AFA1-17A7-42C8-BB79-8016507C741F}.Debug|Any CPU.ActiveCfg = Debug|Any CPU
		{F804AFA1-17A7-42C8-BB79-8016507C741F}.Debug|Any CPU.Build.0 = Debug|Any CPU
		{F804AFA1-17A7-42C8-BB79-8016507C741F}.Debug|x64.ActiveCfg = Debug|Any CPU
		{F804AFA1-17A7-42C8-BB79-8016507C741F}.Debug|x64.Build.0 = Debug|Any CPU
		{F804AFA1-17A7-42C8-BB79-8016507C741F}.Debug|x86.ActiveCfg = Debug|Any CPU
		{F804AFA1-17A7-42C8-BB79-8016507C741F}.Debug|x86.Build.0 = Debug|Any CPU
		{F804AFA1-17A7-42C8-BB79-8016507C741F}.Release|Any CPU.ActiveCfg = Release|Any CPU
		{F804AFA1-17A7-42C8-BB79-8016507C741F}.Release|Any CPU.Build.0 = Release|Any CPU
		{F804AFA1-17A7-42C8-BB79-8016507C741F}.Release|x64.ActiveCfg = Release|Any CPU
		{F804AFA1-17A7-42C8-BB79-8016507C741F}.Release|x64.Build.0 = Release|Any CPU
		{F804AFA1-17A7-42C8-BB79-8016507C741F}.Release|x86.ActiveCfg = Release|Any CPU
		{F804AFA1-17A7-42C8-BB79-8016507C741F}.Release|x86.Build.0 = Release|Any CPU
		{3FC516FB-3C42-4A8A-8FE4-77D45EBB6C00}.Debug|Any CPU.ActiveCfg = Debug|Any CPU
		{3FC516FB-3C42-4A8A-8FE4-77D45EBB6C00}.Debug|Any CPU.Build.0 = Debug|Any CPU
		{3FC516FB-3C42-4A8A-8FE4-77D45EBB6C00}.Debug|x64.ActiveCfg = Debug|Any CPU
		{3FC516FB-3C42-4A8A-8FE4-77D45EBB6C00}.Debug|x64.Build.0 = Debug|Any CPU
		{3FC516FB-3C42-4A8A-8FE4-77D45EBB6C00}.Debug|x86.ActiveCfg = Debug|Any CPU
		{3FC516FB-3C42-4A8A-8FE4-77D45EBB6C00}.Debug|x86.Build.0 = Debug|Any CPU
		{3FC516FB-3C42-4A8A-8FE4-77D45EBB6C00}.Release|Any CPU.ActiveCfg = Release|Any CPU
		{3FC516FB-3C42-4A8A-8FE4-77D45EBB6C00}.Release|Any CPU.Build.0 = Release|Any CPU
		{3FC516FB-3C42-4A8A-8FE4-77D45EBB6C00}.Release|x64.ActiveCfg = Release|Any CPU
		{3FC516FB-3C42-4A8A-8FE4-77D45EBB6C00}.Release|x64.Build.0 = Release|Any CPU
		{3FC516FB-3C42-4A8A-8FE4-77D45EBB6C00}.Release|x86.ActiveCfg = Release|Any CPU
		{3FC516FB-3C42-4A8A-8FE4-77D45EBB6C00}.Release|x86.Build.0 = Release|Any CPU
	EndGlobalSection
	GlobalSection(SolutionProperties) = preSolution
		HideSolutionNode = FALSE
	EndGlobalSection
	GlobalSection(NestedProjects) = preSolution
		{7331C6EA-893C-4A19-8E2B-C130F9F0108A} = {827E0CD3-B72D-47B6-A68D-7590B98EB39B}
		{4B235F8D-7260-414E-9E8D-C135A3C6E149} = {927EA651-2681-4AEB-E3A3-5C3CA4D22F3C}
		{16AC7D46-8CDB-436C-AA11-B2144E0D1920} = {927EA651-2681-4AEB-E3A3-5C3CA4D22F3C}
		{F804AFA1-17A7-42C8-BB79-8016507C741F} = {927EA651-2681-4AEB-E3A3-5C3CA4D22F3C}
		{3FC516FB-3C42-4A8A-8FE4-77D45EBB6C00} = {927EA651-2681-4AEB-E3A3-5C3CA4D22F3C}
	EndGlobalSection
EndGlobal
